
Microsoft Visual Studio Solution File, Format Version 12.00
# Visual Studio Version 17
VisualStudioVersion = 17.3.32929.385
MinimumVisualStudioVersion = 10.0.40219.1
Project("{FAE04EC0-301F-11D3-BF4B-00C04F79EFBC}") = "OrangeProject", "OrangeProject\OrangeProject.csproj", "{1CD408EC-30E4-4B38-9552-1D2FD99CD293}"
EndProject
Global
	GlobalSection(SolutionConfigurationPlatforms) = preSolution
		Debug|Any CPU = Debug|Any CPU
		Release|Any CPU = Release|Any CPU
	EndGlobalSection
	GlobalSection(ProjectConfigurationPlatforms) = postSolution
		{1CD408EC-30E4-4B38-9552-1D2FD99CD293}.Debug|Any CPU.ActiveCfg = Debug|Any CPU
		{1CD408EC-30E4-4B38-9552-1D2FD99CD293}.Debug|Any CPU.Build.0 = Debug|Any CPU
		{1CD408EC-30E4-4B38-9552-1D2FD99CD293}.Release|Any CPU.ActiveCfg = Release|Any CPU
		{1CD408EC-30E4-4B38-9552-1D2FD99CD293}.Release|Any CPU.Build.0 = Release|Any CPU
	EndGlobalSection
	GlobalSection(SolutionProperties) = preSolution
		HideSolutionNode = FALSE
	EndGlobalSection
	GlobalSection(ExtensibilityGlobals) = postSolution
		SolutionGuid = {044454D5-B224-45C7-BA14-4758A27E1737}
	EndGlobalSection
EndGlobal
